
Microsoft Visual Studio Solution File, Format Version 12.00
# Visual Studio 15
VisualStudioVersion = 15.0.27130.2036
MinimumVisualStudioVersion = 10.0.40219.1
Project("{FAE04EC0-301F-11D3-BF4B-00C04F79EFBC}") = "OutlookSearchWizard", "OutlookSearchFolder\OutlookSearchWizard.csproj", "{D5365B90-0F6D-48AB-BCAD-040C60E44948}"
EndProject
Global
	GlobalSection(SolutionConfigurationPlatforms) = preSolution
		Debug|Any CPU = Debug|Any CPU
		Release|Any CPU = Release|Any CPU
	EndGlobalSection
	GlobalSection(ProjectConfigurationPlatforms) = postSolution
		{D5365B90-0F6D-48AB-BCAD-040C60E44948}.Debug|Any CPU.ActiveCfg = Debug|Any CPU
		{D5365B90-0F6D-48AB-BCAD-040C60E44948}.Debug|Any CPU.Build.0 = Debug|Any CPU
		{D5365B90-0F6D-48AB-BCAD-040C60E44948}.Release|Any CPU.ActiveCfg = Release|Any CPU
		{D5365B90-0F6D-48AB-BCAD-040C60E44948}.Release|Any CPU.Build.0 = Release|Any CPU
	EndGlobalSection
	GlobalSection(SolutionProperties) = preSolution
		HideSolutionNode = FALSE
	EndGlobalSection
	GlobalSection(ExtensibilityGlobals) = postSolution
		SolutionGuid = {0F3B1C64-C7E2-4F30-8E3D-75146BCE474A}
	EndGlobalSection
EndGlobal
